{
  "version": 4,
  "terraform_version": "1.3.4",
  "serial": 53,
  "lineage": "ba6e47de-4535-5470-a23e-9600b361122a",
  "outputs": {
    "public_ip_address_output": {
      "value": "mtc-vm01: 40.76.80.248",
      "type": "string"
    }
  },
  "resources": [
    {
      "mode": "data",
      "type": "azurerm_public_ip",
      "name": "mtc-ip-data",
      "provider": "provider[\"registry.terraform.io/hashicorp/azurerm\"]",
      "instances": [
        {
          "schema_version": 0,
          "attributes": {
            "allocation_method": "Dynamic",
            "domain_name_label": "",
            "fqdn": "",
            "id": "/subscriptions/a4c40189-6444-49cd-84e9-0a0163130295/resourceGroups/MTC_RG01/providers/Microsoft.Network/publicIPAddresses/mtc-pub-ip",
            "idle_timeout_in_minutes": 4,
            "ip_address": "40.76.80.248",
            "ip_tags": {},
            "ip_version": "IPv4",
            "location": "eastus",
            "name": "mtc-pub-ip",
            "resource_group_name": "MTC_RG01",
            "reverse_fqdn": "",
            "sku": "Basic",
            "tags": {
              "environment": "dev"
            },
            "timeouts": null,
            "zones": []
          },
          "sensitive_attributes": []
        }
      ]
    },
    {
      "mode": "managed",
      "type": "azurerm_linux_virtual_machine",
      "name": "mtc-vm01",
      "provider": "provider[\"registry.terraform.io/hashicorp/azurerm\"]",
      "instances": [
        {
          "schema_version": 0,
          "attributes": {
            "additional_capabilities": [],
            "admin_password": null,
            "admin_ssh_key": [
              {
                "public_key": "ssh-rsa AAAAB3NzaC1yc2EAAAADAQABAAABgQCeqOk+6kDmrIWP2Pot0fq9RRMFOA9Ot0SUwhPCQCE5rSBOcdGZr7+2zvhNVd0r/Us/cZzgMDtv+otUt7Ik9G1Sl3fArOiLzAlTZ6wXw3xQvGqVO47H+TjPpf8C7Or4hr5YLMT9uLD6suZHwP7qZW2CRIpx3BbLRnCwXkRDDd3k3zYkXHqXAoz5sbmXWQaDCyY+RUOgneob2FqeFl4AkAwxF+echSffpf1GXgZUSnDDZwHzzMQLpNn+cDrdy1RlkO+B4CYFuXQ/kOiRgSM/xwvLQq/uKuZ4F47VgjQi4b6k/ziRPgkNoxoWtv1i9xeG60lVihqylQSQeug4Y8YE0yUbOPzRGMR1w1EleplGHQcqGbo46bgULKymAL2nC/y5ZIE9xsCW8dAkkkOWP54ox3iJd1nSqXN9GGRZ0aASpWroqeKOCHHioJKE1dMlVSvCjv3ZWkwKcz0W/vkmI1GYllTS4pzeLtMHrR0lycLIrQLRGzOBPqiGEnBgAZKSO2otVyk= hq\\zmeadows@UKHMUNB21305\r\n",
                "username": "adminuser"
              }
            ],
            "admin_username": "adminuser",
            "allow_extension_operations": true,
            "availability_set_id": "",
            "boot_diagnostics": [],
            "computer_name": "mtc-vm01",
            "custom_data": "IyEgL2Jpbi9iYXNoDQpzdWRvIGFwdC1nZXQgdXBkYXRlIC15ICYmDQpzdWRvIGFwdC1nZXQgaW5zdGFsbCAteSBcDQphcHQtdHJhbnNwb3J0LWh0dHBzIFwNCmNhLWNlcnRpZmljYXRlcyBcDQpjdXJsIFwNCmdudXBnLWFnZW50IFwNCnNvZnR3YXJlLXByb3BlcnRpZXMtY29tbW9uICYmDQpjdXJsIC1mc1NMIGh0dHBzOi8vZG93bmxvYWQuZG9ja2VyLmNvbS9saW51eC91YnVudHUvZ3BnIHwgc3VkbyBhcHQta2V5IGFkZCAtICYmDQpzdWRvIGFkZC1hcHQtcmVwb3NpdG9yeSAiZGViIFthcmNoPWFtZDY0XSBodHRwczovL2Rvd25sb2FkLmRvY2tlci5jb20vbGludXgvdWJ1bnR1ICQobHNiX3JlbGVhc2UgLWNzKSBzdGFibGUiICYmDQpzdWRvIGFwdC1nZXQgdXBkYXRlIC15ICYmDQpzdWRvIHN1ZG8gYXB0LWdldCBpbnN0YWxsIGRvY2tlci1jZSBkb2NrZXItY2UtY2xpIGNvbnRhaW5lcmQuaW8gLXkgJiYNCnN1ZG8gdXNlcm1vZCAtYUcgZG9ja2VyIHVidW50dQ0K",
            "dedicated_host_id": "",
            "disable_password_authentication": true,
            "encryption_at_host_enabled": false,
            "eviction_policy": "",
            "extensions_time_budget": "PT1H30M",
            "id": "/subscriptions/a4c40189-6444-49cd-84e9-0a0163130295/resourceGroups/MTC_RG01/providers/Microsoft.Compute/virtualMachines/mtc-vm01",
            "identity": [],
            "license_type": "",
            "location": "eastus",
            "max_bid_price": -1,
            "name": "mtc-vm01",
            "network_interface_ids": [
              "/subscriptions/a4c40189-6444-49cd-84e9-0a0163130295/resourceGroups/MTC_RG01/providers/Microsoft.Network/networkInterfaces/mtc-nic-1"
            ],
            "os_disk": [
              {
                "caching": "ReadWrite",
                "diff_disk_settings": [],
                "disk_encryption_set_id": "",
                "disk_size_gb": 30,
                "name": "mtc-vm01_disk1_36ab89d8272b40288fe88e0a273096e3",
                "storage_account_type": "Standard_LRS",
                "write_accelerator_enabled": false
              }
            ],
            "patch_mode": "ImageDefault",
            "plan": [],
            "platform_fault_domain": -1,
            "priority": "Regular",
            "private_ip_address": "10.123.1.4",
            "private_ip_addresses": [
              "10.123.1.4"
            ],
            "provision_vm_agent": true,
            "proximity_placement_group_id": "",
            "public_ip_address": "40.76.80.248",
            "public_ip_addresses": [
              "40.76.80.248"
            ],
            "resource_group_name": "MTC_RG01",
            "secret": [],
            "secure_boot_enabled": false,
            "size": "Standard_B1s",
            "source_image_id": "",
            "source_image_reference": [
              {
                "offer": "UbuntuServer",
                "publisher": "Canonical",
                "sku": "18.04-LTS",
                "version": "latest"
              }
            ],
            "tags": {
              "environment": "dev"
            },
            "timeouts": null,
            "user_data": "",
            "virtual_machine_id": "5a32440c-aa99-4281-9db3-4c04383c5257",
            "virtual_machine_scale_set_id": "",
            "vtpm_enabled": false,
            "zone": ""
          },
          "sensitive_attributes": [],
          "private": "eyJlMmJmYjczMC1lY2FhLTExZTYtOGY4OC0zNDM2M2JjN2M0YzAiOnsiY3JlYXRlIjoyNzAwMDAwMDAwMDAwLCJkZWxldGUiOjI3MDAwMDAwMDAwMDAsInJlYWQiOjMwMDAwMDAwMDAwMCwidXBkYXRlIjoyNzAwMDAwMDAwMDAwfX0=",
          "dependencies": [
            "azurerm_network_interface.mtc-nic-1",
            "azurerm_public_ip.mtc-pub-ip",
            "azurerm_resource_group.MTC_RG01",
            "azurerm_subnet.mtc-subnet",
            "azurerm_virtual_network.mtc-vnet"
          ]
        }
      ]
    },
    {
      "mode": "managed",
      "type": "azurerm_network_interface",
      "name": "mtc-nic-1",
      "provider": "provider[\"registry.terraform.io/hashicorp/azurerm\"]",
      "instances": [
        {
          "schema_version": 0,
          "attributes": {
            "applied_dns_servers": [],
            "dns_servers": [],
            "enable_accelerated_networking": false,
            "enable_ip_forwarding": false,
            "id": "/subscriptions/a4c40189-6444-49cd-84e9-0a0163130295/resourceGroups/MTC_RG01/providers/Microsoft.Network/networkInterfaces/mtc-nic-1",
            "internal_dns_name_label": "",
            "internal_domain_name_suffix": "ka1vxzilw5sung53mq1ldpzija.bx.internal.cloudapp.net",
            "ip_configuration": [
              {
                "gateway_load_balancer_frontend_ip_configuration_id": "",
                "name": "internal",
                "primary": true,
                "private_ip_address": "10.123.1.4",
                "private_ip_address_allocation": "Dynamic",
                "private_ip_address_version": "IPv4",
                "public_ip_address_id": "/subscriptions/a4c40189-6444-49cd-84e9-0a0163130295/resourceGroups/MTC_RG01/providers/Microsoft.Network/publicIPAddresses/mtc-pub-ip",
                "subnet_id": "/subscriptions/a4c40189-6444-49cd-84e9-0a0163130295/resourceGroups/MTC_RG01/providers/Microsoft.Network/virtualNetworks/mtc-network/subnets/mtc-subnet-1"
              }
            ],
            "location": "eastus",
            "mac_address": "00-22-48-2A-C0-99",
            "name": "mtc-nic-1",
            "private_ip_address": "10.123.1.4",
            "private_ip_addresses": [
              "10.123.1.4"
            ],
            "resource_group_name": "MTC_RG01",
            "tags": {
              "environment": "dev"
            },
            "timeouts": null,
            "virtual_machine_id": "/subscriptions/a4c40189-6444-49cd-84e9-0a0163130295/resourceGroups/MTC_RG01/providers/Microsoft.Compute/virtualMachines/mtc-vm01"
          },
          "sensitive_attributes": [],
          "private": "eyJlMmJmYjczMC1lY2FhLTExZTYtOGY4OC0zNDM2M2JjN2M0YzAiOnsiY3JlYXRlIjoxODAwMDAwMDAwMDAwLCJkZWxldGUiOjE4MDAwMDAwMDAwMDAsInJlYWQiOjMwMDAwMDAwMDAwMCwidXBkYXRlIjoxODAwMDAwMDAwMDAwfX0=",
          "dependencies": [
            "azurerm_public_ip.mtc-pub-ip",
            "azurerm_resource_group.MTC_RG01",
            "azurerm_subnet.mtc-subnet",
            "azurerm_virtual_network.mtc-vnet"
          ]
        }
      ]
    },
    {
      "mode": "managed",
      "type": "azurerm_network_security_group",
      "name": "mtc-Sg",
      "provider": "provider[\"registry.terraform.io/hashicorp/azurerm\"]",
      "instances": [
        {
          "schema_version": 0,
          "attributes": {
            "id": "/subscriptions/a4c40189-6444-49cd-84e9-0a0163130295/resourceGroups/MTC_RG01/providers/Microsoft.Network/networkSecurityGroups/mtc-Sg",
            "location": "eastus",
            "name": "mtc-Sg",
            "resource_group_name": "MTC_RG01",
            "security_rule": [
              {
                "access": "Allow",
                "description": "",
                "destination_address_prefix": "*",
                "destination_address_prefixes": [],
                "destination_application_security_group_ids": [],
                "destination_port_range": "*",
                "destination_port_ranges": [],
                "direction": "Inbound",
                "name": "mtc-dev-rule",
                "priority": 100,
                "protocol": "*",
                "source_address_prefix": "*",
                "source_address_prefixes": [],
                "source_application_security_group_ids": [],
                "source_port_range": "*",
                "source_port_ranges": []
              }
            ],
            "tags": {
              "environment": "dev"
            },
            "timeouts": null
          },
          "sensitive_attributes": [],
          "private": "eyJlMmJmYjczMC1lY2FhLTExZTYtOGY4OC0zNDM2M2JjN2M0YzAiOnsiY3JlYXRlIjoxODAwMDAwMDAwMDAwLCJkZWxldGUiOjE4MDAwMDAwMDAwMDAsInJlYWQiOjMwMDAwMDAwMDAwMCwidXBkYXRlIjoxODAwMDAwMDAwMDAwfX0=",
          "dependencies": [
            "azurerm_resource_group.MTC_RG01"
          ]
        }
      ]
    },
    {
      "mode": "managed",
      "type": "azurerm_network_security_rule",
      "name": "mtc-dev-rule",
      "provider": "provider[\"registry.terraform.io/hashicorp/azurerm\"]",
      "instances": [
        {
          "schema_version": 0,
          "attributes": {
            "access": "Allow",
            "description": "",
            "destination_address_prefix": "*",
            "destination_address_prefixes": [],
            "destination_application_security_group_ids": [],
            "destination_port_range": "*",
            "destination_port_ranges": [],
            "direction": "Inbound",
            "id": "/subscriptions/a4c40189-6444-49cd-84e9-0a0163130295/resourceGroups/MTC_RG01/providers/Microsoft.Network/networkSecurityGroups/mtc-Sg/securityRules/mtc-dev-rule",
            "name": "mtc-dev-rule",
            "network_security_group_name": "mtc-Sg",
            "priority": 100,
            "protocol": "*",
            "resource_group_name": "MTC_RG01",
            "source_address_prefix": "*",
            "source_address_prefixes": [],
            "source_application_security_group_ids": [],
            "source_port_range": "*",
            "source_port_ranges": [],
            "timeouts": null
          },
          "sensitive_attributes": [],
          "private": "eyJlMmJmYjczMC1lY2FhLTExZTYtOGY4OC0zNDM2M2JjN2M0YzAiOnsiY3JlYXRlIjoxODAwMDAwMDAwMDAwLCJkZWxldGUiOjE4MDAwMDAwMDAwMDAsInJlYWQiOjMwMDAwMDAwMDAwMCwidXBkYXRlIjoxODAwMDAwMDAwMDAwfX0=",
          "dependencies": [
            "azurerm_network_security_group.mtc-Sg",
            "azurerm_resource_group.MTC_RG01"
          ]
        }
      ]
    },
    {
      "mode": "managed",
      "type": "azurerm_public_ip",
      "name": "mtc-pub-ip",
      "provider": "provider[\"registry.terraform.io/hashicorp/azurerm\"]",
      "instances": [
        {
          "schema_version": 0,
          "attributes": {
            "allocation_method": "Dynamic",
            "availability_zone": "No-Zone",
            "domain_name_label": null,
            "fqdn": null,
            "id": "/subscriptions/a4c40189-6444-49cd-84e9-0a0163130295/resourceGroups/MTC_RG01/providers/Microsoft.Network/publicIPAddresses/mtc-pub-ip",
            "idle_timeout_in_minutes": 4,
            "ip_address": "40.76.80.248",
            "ip_tags": {},
            "ip_version": "IPv4",
            "location": "eastus",
            "name": "mtc-pub-ip",
            "public_ip_prefix_id": null,
            "resource_group_name": "MTC_RG01",
            "reverse_fqdn": null,
            "sku": "Basic",
            "sku_tier": "Regional",
            "tags": {
              "environment": "dev"
            },
            "timeouts": null,
            "zones": []
          },
          "sensitive_attributes": [],
          "private": "eyJlMmJmYjczMC1lY2FhLTExZTYtOGY4OC0zNDM2M2JjN2M0YzAiOnsiY3JlYXRlIjoxODAwMDAwMDAwMDAwLCJkZWxldGUiOjE4MDAwMDAwMDAwMDAsInJlYWQiOjMwMDAwMDAwMDAwMCwidXBkYXRlIjoxODAwMDAwMDAwMDAwfX0=",
          "dependencies": [
            "azurerm_resource_group.MTC_RG01"
          ]
        }
      ]
    },
    {
      "mode": "managed",
      "type": "azurerm_resource_group",
      "name": "MTC_RG01",
      "provider": "provider[\"registry.terraform.io/hashicorp/azurerm\"]",
      "instances": [
        {
          "schema_version": 0,
          "attributes": {
            "id": "/subscriptions/a4c40189-6444-49cd-84e9-0a0163130295/resourceGroups/MTC_RG01",
            "location": "eastus",
            "name": "MTC_RG01",
            "tags": {
              "environment": "dev"
            },
            "timeouts": null
          },
          "sensitive_attributes": [],
          "private": "eyJlMmJmYjczMC1lY2FhLTExZTYtOGY4OC0zNDM2M2JjN2M0YzAiOnsiY3JlYXRlIjo1NDAwMDAwMDAwMDAwLCJkZWxldGUiOjU0MDAwMDAwMDAwMDAsInJlYWQiOjMwMDAwMDAwMDAwMCwidXBkYXRlIjo1NDAwMDAwMDAwMDAwfX0="
        }
      ]
    },
    {
      "mode": "managed",
      "type": "azurerm_subnet",
      "name": "mtc-subnet",
      "provider": "provider[\"registry.terraform.io/hashicorp/azurerm\"]",
      "instances": [
        {
          "schema_version": 0,
          "attributes": {
            "address_prefix": "10.123.1.0/24",
            "address_prefixes": [
              "10.123.1.0/24"
            ],
            "delegation": [],
            "enforce_private_link_endpoint_network_policies": false,
            "enforce_private_link_service_network_policies": false,
            "id": "/subscriptions/a4c40189-6444-49cd-84e9-0a0163130295/resourceGroups/MTC_RG01/providers/Microsoft.Network/virtualNetworks/mtc-network/subnets/mtc-subnet-1",
            "name": "mtc-subnet-1",
            "resource_group_name": "MTC_RG01",
            "service_endpoint_policy_ids": [],
            "service_endpoints": [],
            "timeouts": null,
            "virtual_network_name": "mtc-network"
          },
          "sensitive_attributes": [],
          "private": "eyJlMmJmYjczMC1lY2FhLTExZTYtOGY4OC0zNDM2M2JjN2M0YzAiOnsiY3JlYXRlIjoxODAwMDAwMDAwMDAwLCJkZWxldGUiOjE4MDAwMDAwMDAwMDAsInJlYWQiOjMwMDAwMDAwMDAwMCwidXBkYXRlIjoxODAwMDAwMDAwMDAwfX0=",
          "dependencies": [
            "azurerm_resource_group.MTC_RG01",
            "azurerm_virtual_network.mtc-vnet"
          ]
        }
      ]
    },
    {
      "mode": "managed",
      "type": "azurerm_subnet_network_security_group_association",
      "name": "mtc-sga",
      "provider": "provider[\"registry.terraform.io/hashicorp/azurerm\"]",
      "instances": [
        {
          "schema_version": 0,
          "attributes": {
            "id": "/subscriptions/a4c40189-6444-49cd-84e9-0a0163130295/resourceGroups/MTC_RG01/providers/Microsoft.Network/virtualNetworks/mtc-network/subnets/mtc-subnet-1",
            "network_security_group_id": "/subscriptions/a4c40189-6444-49cd-84e9-0a0163130295/resourceGroups/MTC_RG01/providers/Microsoft.Network/networkSecurityGroups/mtc-Sg",
            "subnet_id": "/subscriptions/a4c40189-6444-49cd-84e9-0a0163130295/resourceGroups/MTC_RG01/providers/Microsoft.Network/virtualNetworks/mtc-network/subnets/mtc-subnet-1",
            "timeouts": null
          },
          "sensitive_attributes": [],
          "private": "eyJlMmJmYjczMC1lY2FhLTExZTYtOGY4OC0zNDM2M2JjN2M0YzAiOnsiY3JlYXRlIjoxODAwMDAwMDAwMDAwLCJkZWxldGUiOjE4MDAwMDAwMDAwMDAsInJlYWQiOjMwMDAwMDAwMDAwMCwidXBkYXRlIjoxODAwMDAwMDAwMDAwfX0=",
          "dependencies": [
            "azurerm_network_security_group.mtc-Sg",
            "azurerm_resource_group.MTC_RG01",
            "azurerm_subnet.mtc-subnet",
            "azurerm_virtual_network.mtc-vnet"
          ]
        }
      ]
    },
    {
      "mode": "managed",
      "type": "azurerm_virtual_network",
      "name": "mtc-vnet",
      "provider": "provider[\"registry.terraform.io/hashicorp/azurerm\"]",
      "instances": [
        {
          "schema_version": 0,
          "attributes": {
            "address_space": [
              "10.123.0.0/16"
            ],
            "bgp_community": "",
            "ddos_protection_plan": [],
            "dns_servers": [],
            "flow_timeout_in_minutes": 0,
            "guid": "e55b3750-b70b-46e5-9bfd-6436b1bf2848",
            "id": "/subscriptions/a4c40189-6444-49cd-84e9-0a0163130295/resourceGroups/MTC_RG01/providers/Microsoft.Network/virtualNetworks/mtc-network",
            "location": "eastus",
            "name": "mtc-network",
            "resource_group_name": "MTC_RG01",
            "subnet": [
              {
                "address_prefix": "10.123.1.0/24",
                "id": "/subscriptions/a4c40189-6444-49cd-84e9-0a0163130295/resourceGroups/MTC_RG01/providers/Microsoft.Network/virtualNetworks/mtc-network/subnets/mtc-subnet-1",
                "name": "mtc-subnet-1",
                "security_group": "/subscriptions/a4c40189-6444-49cd-84e9-0a0163130295/resourceGroups/MTC_RG01/providers/Microsoft.Network/networkSecurityGroups/mtc-Sg"
              }
            ],
            "tags": {
              "environment": "dev"
            },
            "timeouts": null,
            "vm_protection_enabled": false
          },
          "sensitive_attributes": [],
          "private": "eyJlMmJmYjczMC1lY2FhLTExZTYtOGY4OC0zNDM2M2JjN2M0YzAiOnsiY3JlYXRlIjoxODAwMDAwMDAwMDAwLCJkZWxldGUiOjE4MDAwMDAwMDAwMDAsInJlYWQiOjMwMDAwMDAwMDAwMCwidXBkYXRlIjoxODAwMDAwMDAwMDAwfX0=",
          "dependencies": [
            "azurerm_resource_group.MTC_RG01"
          ]
        }
      ]
    }
  ],
  "check_results": null
}
